{
  "version": "5",
  "specifiers": {
    "jsr:@alg/levenshtein@*": "0.0.1",
    "jsr:@alg/levenshtein@^0.0.4": "0.0.4",
    "jsr:@keawade/zod-env@~0.1.2": "0.1.2",
    "jsr:@std/async@*": "1.0.9",
    "jsr:@std/dotenv@*": "0.225.3",
    "jsr:@std/dotenv@~0.225.5": "0.225.5",
    "jsr:@std/path@*": "1.0.8",
    "jsr:@std/streams@*": "1.0.8",
    "npm:esbuild@*": "0.25.10",
    "npm:juke-build@*": "0.9.0",
    "npm:typescript@*": "5.7.3",
    "npm:zod@3": "3.25.56"
  },
  "jsr": {
    "@alg/levenshtein@0.0.1": {
      "integrity": "e7e4e740ddbffa54ce784840ee876267f642ffffcea364dca9d86eb6fc8638e7"
    },
    "@alg/levenshtein@0.0.4": {
      "integrity": "b36543e4f6f3ffcd044507b4c33e3912e55038a1862d36a3b4649423a0ab7b1d"
    },
    "@keawade/zod-env@0.1.2": {
      "integrity": "eefe561b60f29f29369c197c5bd41968a98e0203bdd88afee6a979fd9695c981",
      "dependencies": [
        "npm:zod"
      ]
    },
    "@std/async@1.0.9": {
      "integrity": "c6472fd0623b3f3daae023cdf7ca5535e1b721dfbf376562c0c12b3fb4867f91"
    },
    "@std/dotenv@0.225.3": {
      "integrity": "a95e5b812c27b0854c52acbae215856d9cce9d4bbf774d938c51d212711e8d4a"
    },
    "@std/dotenv@0.225.5": {
      "integrity": "9ce6f9d0ec3311f74a32535aa1b8c62ed88b1ab91b7f0815797d77a6f60c922f"
    },
    "@std/path@1.0.8": {
      "integrity": "548fa456bb6a04d3c1a1e7477986b6cffbce95102d0bb447c67c4ee70e0364be"
    },
    "@std/streams@1.0.8": {
      "integrity": "b41332d93d2cf6a82fe4ac2153b930adf1a859392931e2a19d9fabfb6f154fb3"
    }
  },
  "npm": {
    "@esbuild/aix-ppc64@0.25.10": {
      "integrity": "sha512-0NFWnA+7l41irNuaSVlLfgNT12caWJVLzp5eAVhZ0z1qpxbockccEt3s+149rE64VUI3Ml2zt8Nv5JVc4QXTsw==",
      "os": ["aix"],
      "cpu": ["ppc64"]
    },
    "@esbuild/android-arm64@0.25.10": {
      "integrity": "sha512-LSQa7eDahypv/VO6WKohZGPSJDq5OVOo3UoFR1E4t4Gj1W7zEQMUhI+lo81H+DtB+kP+tDgBp+M4oNCwp6kffg==",
      "os": ["android"],
      "cpu": ["arm64"]
    },
    "@esbuild/android-arm@0.25.10": {
      "integrity": "sha512-dQAxF1dW1C3zpeCDc5KqIYuZ1tgAdRXNoZP7vkBIRtKZPYe2xVr/d3SkirklCHudW1B45tGiUlz2pUWDfbDD4w==",
      "os": ["android"],
      "cpu": ["arm"]
    },
    "@esbuild/android-x64@0.25.10": {
      "integrity": "sha512-MiC9CWdPrfhibcXwr39p9ha1x0lZJ9KaVfvzA0Wxwz9ETX4v5CHfF09bx935nHlhi+MxhA63dKRRQLiVgSUtEg==",
      "os": ["android"],
      "cpu": ["x64"]
    },
    "@esbuild/darwin-arm64@0.25.10": {
      "integrity": "sha512-JC74bdXcQEpW9KkV326WpZZjLguSZ3DfS8wrrvPMHgQOIEIG/sPXEN/V8IssoJhbefLRcRqw6RQH2NnpdprtMA==",
      "os": ["darwin"],
      "cpu": ["arm64"]
    },
    "@esbuild/darwin-x64@0.25.10": {
      "integrity": "sha512-tguWg1olF6DGqzws97pKZ8G2L7Ig1vjDmGTwcTuYHbuU6TTjJe5FXbgs5C1BBzHbJ2bo1m3WkQDbWO2PvamRcg==",
      "os": ["darwin"],
      "cpu": ["x64"]
    },
    "@esbuild/freebsd-arm64@0.25.10": {
      "integrity": "sha512-3ZioSQSg1HT2N05YxeJWYR+Libe3bREVSdWhEEgExWaDtyFbbXWb49QgPvFH8u03vUPX10JhJPcz7s9t9+boWg==",
      "os": ["freebsd"],
      "cpu": ["arm64"]
    },
    "@esbuild/freebsd-x64@0.25.10": {
      "integrity": "sha512-LLgJfHJk014Aa4anGDbh8bmI5Lk+QidDmGzuC2D+vP7mv/GeSN+H39zOf7pN5N8p059FcOfs2bVlrRr4SK9WxA==",
      "os": ["freebsd"],
      "cpu": ["x64"]
    },
    "@esbuild/linux-arm64@0.25.10": {
      "integrity": "sha512-5luJWN6YKBsawd5f9i4+c+geYiVEw20FVW5x0v1kEMWNq8UctFjDiMATBxLvmmHA4bf7F6hTRaJgtghFr9iziQ==",
      "os": ["linux"],
      "cpu": ["arm64"]
    },
    "@esbuild/linux-arm@0.25.10": {
      "integrity": "sha512-oR31GtBTFYCqEBALI9r6WxoU/ZofZl962pouZRTEYECvNF/dtXKku8YXcJkhgK/beU+zedXfIzHijSRapJY3vg==",
      "os": ["linux"],
      "cpu": ["arm"]
    },
    "@esbuild/linux-ia32@0.25.10": {
      "integrity": "sha512-NrSCx2Kim3EnnWgS4Txn0QGt0Xipoumb6z6sUtl5bOEZIVKhzfyp/Lyw4C1DIYvzeW/5mWYPBFJU3a/8Yr75DQ==",
      "os": ["linux"],
      "cpu": ["ia32"]
    },
    "@esbuild/linux-loong64@0.25.10": {
      "integrity": "sha512-xoSphrd4AZda8+rUDDfD9J6FUMjrkTz8itpTITM4/xgerAZZcFW7Dv+sun7333IfKxGG8gAq+3NbfEMJfiY+Eg==",
      "os": ["linux"],
      "cpu": ["loong64"]
    },
    "@esbuild/linux-mips64el@0.25.10": {
      "integrity": "sha512-ab6eiuCwoMmYDyTnyptoKkVS3k8fy/1Uvq7Dj5czXI6DF2GqD2ToInBI0SHOp5/X1BdZ26RKc5+qjQNGRBelRA==",
      "os": ["linux"],
      "cpu": ["mips64el"]
    },
    "@esbuild/linux-ppc64@0.25.10": {
      "integrity": "sha512-NLinzzOgZQsGpsTkEbdJTCanwA5/wozN9dSgEl12haXJBzMTpssebuXR42bthOF3z7zXFWH1AmvWunUCkBE4EA==",
      "os": ["linux"],
      "cpu": ["ppc64"]
    },
    "@esbuild/linux-riscv64@0.25.10": {
      "integrity": "sha512-FE557XdZDrtX8NMIeA8LBJX3dC2M8VGXwfrQWU7LB5SLOajfJIxmSdyL/gU1m64Zs9CBKvm4UAuBp5aJ8OgnrA==",
      "os": ["linux"],
      "cpu": ["riscv64"]
    },
    "@esbuild/linux-s390x@0.25.10": {
      "integrity": "sha512-3BBSbgzuB9ajLoVZk0mGu+EHlBwkusRmeNYdqmznmMc9zGASFjSsxgkNsqmXugpPk00gJ0JNKh/97nxmjctdew==",
      "os": ["linux"],
      "cpu": ["s390x"]
    },
    "@esbuild/linux-x64@0.25.10": {
      "integrity": "sha512-QSX81KhFoZGwenVyPoberggdW1nrQZSvfVDAIUXr3WqLRZGZqWk/P4T8p2SP+de2Sr5HPcvjhcJzEiulKgnxtA==",
      "os": ["linux"],
      "cpu": ["x64"]
    },
    "@esbuild/netbsd-arm64@0.25.10": {
      "integrity": "sha512-AKQM3gfYfSW8XRk8DdMCzaLUFB15dTrZfnX8WXQoOUpUBQ+NaAFCP1kPS/ykbbGYz7rxn0WS48/81l9hFl3u4A==",
      "os": ["netbsd"],
      "cpu": ["arm64"]
    },
    "@esbuild/netbsd-x64@0.25.10": {
      "integrity": "sha512-7RTytDPGU6fek/hWuN9qQpeGPBZFfB4zZgcz2VK2Z5VpdUxEI8JKYsg3JfO0n/Z1E/6l05n0unDCNc4HnhQGig==",
      "os": ["netbsd"],
      "cpu": ["x64"]
    },
    "@esbuild/openbsd-arm64@0.25.10": {
      "integrity": "sha512-5Se0VM9Wtq797YFn+dLimf2Zx6McttsH2olUBsDml+lm0GOCRVebRWUvDtkY4BWYv/3NgzS8b/UM3jQNh5hYyw==",
      "os": ["openbsd"],
      "cpu": ["arm64"]
    },
    "@esbuild/openbsd-x64@0.25.10": {
      "integrity": "sha512-XkA4frq1TLj4bEMB+2HnI0+4RnjbuGZfet2gs/LNs5Hc7D89ZQBHQ0gL2ND6Lzu1+QVkjp3x1gIcPKzRNP8bXw==",
      "os": ["openbsd"],
      "cpu": ["x64"]
    },
    "@esbuild/openharmony-arm64@0.25.10": {
      "integrity": "sha512-AVTSBhTX8Y/Fz6OmIVBip9tJzZEUcY8WLh7I59+upa5/GPhh2/aM6bvOMQySspnCCHvFi79kMtdJS1w0DXAeag==",
      "os": ["openharmony"],
      "cpu": ["arm64"]
    },
    "@esbuild/sunos-x64@0.25.10": {
      "integrity": "sha512-fswk3XT0Uf2pGJmOpDB7yknqhVkJQkAQOcW/ccVOtfx05LkbWOaRAtn5SaqXypeKQra1QaEa841PgrSL9ubSPQ==",
      "os": ["sunos"],
      "cpu": ["x64"]
    },
    "@esbuild/win32-arm64@0.25.10": {
      "integrity": "sha512-ah+9b59KDTSfpaCg6VdJoOQvKjI33nTaQr4UluQwW7aEwZQsbMCfTmfEO4VyewOxx4RaDT/xCy9ra2GPWmO7Kw==",
      "os": ["win32"],
      "cpu": ["arm64"]
    },
    "@esbuild/win32-ia32@0.25.10": {
      "integrity": "sha512-QHPDbKkrGO8/cz9LKVnJU22HOi4pxZnZhhA2HYHez5Pz4JeffhDjf85E57Oyco163GnzNCVkZK0b/n4Y0UHcSw==",
      "os": ["win32"],
      "cpu": ["ia32"]
    },
    "@esbuild/win32-x64@0.25.10": {
      "integrity": "sha512-9KpxSVFCu0iK1owoez6aC/s/EdUQLDN3adTxGCqxMVhrPDj6bt5dbrHDXUuq+Bs2vATFBBrQS5vdQ/Ed2P+nbw==",
      "os": ["win32"],
      "cpu": ["x64"]
    },
    "esbuild@0.25.10": {
      "integrity": "sha512-9RiGKvCwaqxO2owP61uQ4BgNborAQskMR6QusfWzQqv7AZOg5oGehdY2pRJMTKuwxd1IDBP4rSbI5lHzU7SMsQ==",
      "optionalDependencies": [
        "@esbuild/aix-ppc64",
        "@esbuild/android-arm",
        "@esbuild/android-arm64",
        "@esbuild/android-x64",
        "@esbuild/darwin-arm64",
        "@esbuild/darwin-x64",
        "@esbuild/freebsd-arm64",
        "@esbuild/freebsd-x64",
        "@esbuild/linux-arm",
        "@esbuild/linux-arm64",
        "@esbuild/linux-ia32",
        "@esbuild/linux-loong64",
        "@esbuild/linux-mips64el",
        "@esbuild/linux-ppc64",
        "@esbuild/linux-riscv64",
        "@esbuild/linux-s390x",
        "@esbuild/linux-x64",
        "@esbuild/netbsd-arm64",
        "@esbuild/netbsd-x64",
        "@esbuild/openbsd-arm64",
        "@esbuild/openbsd-x64",
        "@esbuild/openharmony-arm64",
        "@esbuild/sunos-x64",
        "@esbuild/win32-arm64",
        "@esbuild/win32-ia32",
        "@esbuild/win32-x64"
      ],
      "scripts": true,
      "bin": true
    },
    "juke-build@0.9.0": {
      "integrity": "sha512-g2jZ0ZAHwZ2cRbbCxVNeKL/2G7sx313RWBdeRdqaZ1WiX/lTZwJDdmTrEWKopPf1FkauW+3aAzAC198qWYPSJg=="
    },
    "typescript@5.7.3": {
      "integrity": "sha512-84MVSjMEHP+FQRPy3pX9sTVV/INIex71s9TL2Gm5FG/WG1SqXeKyZ0k7/blY/4FdOzI12CBy1vGc4og/eus0fw==",
      "bin": true
    },
    "zod@3.25.56": {
      "integrity": "sha512-rd6eEF3BTNvQnR2e2wwolfTmUTnp70aUTqr0oaGbHifzC3BKJsoV+Gat8vxUMR1hwOKBs6El+qWehrHbCpW6SQ=="
    }
  },
  "redirects": {
    "https://deno.land/x/discord_api_types/v10.ts": "https://deno.land/x/discord_api_types@0.38.2/v10.ts",
    "https://deno.land/x/mysql/mod.ts": "https://deno.land/x/mysql@v2.12.1/mod.ts",
    "https://deno.land/x/zod/mod.ts": "https://deno.land/x/zod@v3.24.1/mod.ts"
  },
  "remote": {
    "https://deno.land/std@0.104.0/_util/assert.ts": "2f868145a042a11d5ad0a3c748dcf580add8a0dbc0e876eaa0026303a5488f58",
    "https://deno.land/std@0.104.0/async/deadline.ts": "1d6ac7aeaee22f75eb86e4e105d6161118aad7b41ae2dd14f4cfd3bf97472b93",
    "https://deno.land/std@0.104.0/async/debounce.ts": "b2f693e4baa16b62793fd618de6c003b63228db50ecfe3bd51fc5f6dc0bc264b",
    "https://deno.land/std@0.104.0/async/deferred.ts": "ce81070ad3ba3294f3f34c032af884ccde1a20922b648f6eaee54bd8fd951a1e",
    "https://deno.land/std@0.104.0/async/delay.ts": "9de1d8d07d1927767ab7f82434b883f3d8294fb19cad819691a2ad81a728cf3d",
    "https://deno.land/std@0.104.0/async/mod.ts": "78425176fabea7bd1046ce3819fd69ce40da85c83e0f174d17e8e224a91f7d10",
    "https://deno.land/std@0.104.0/async/mux_async_iterator.ts": "62abff3af9ff619e8f2adc96fc70d4ca020fa48a50c23c13f12d02ed2b760dbe",
    "https://deno.land/std@0.104.0/async/pool.ts": "353ce4f91865da203a097aa6f33de8966340c91b6f4a055611c8c5d534afd12f",
    "https://deno.land/std@0.104.0/async/tee.ts": "6b8f1322b6dd2396202cfbe9cde9cab158d1e962cfd9197b0a97c6657bee79ce",
    "https://deno.land/std@0.104.0/bytes/bytes_list.ts": "a13287edb03f19d27ba4927dec6d6de3e5bd46254cd4aee6f7e5815810122673",
    "https://deno.land/std@0.104.0/bytes/mod.ts": "1ae1ccfe98c4b979f12b015982c7444f81fcb921bea7aa215bf37d84f46e1e13",
    "https://deno.land/std@0.104.0/encoding/base64.ts": "eecae390f1f1d1cae6f6c6d732ede5276bf4b9cd29b1d281678c054dc5cc009e",
    "https://deno.land/std@0.104.0/encoding/hex.ts": "5bc7df19af498c315cdaba69e2fce1b2aef5fc57344e8c21c08991aa8505a260",
    "https://deno.land/std@0.104.0/fmt/colors.ts": "d2f8355f00a74404668fc5a1e4a92983ce1a9b0a6ac1d40efbd681cb8f519586",
    "https://deno.land/std@0.104.0/fs/exists.ts": "b0d2e31654819cc2a8d37df45d6b14686c0cc1d802e9ff09e902a63e98b85a00",
    "https://deno.land/std@0.104.0/hash/_wasm/hash.ts": "313a4820227f1c45fa7204d9c28731b4f8ce97cdcc5f1e7e4efcdf2d70540d32",
    "https://deno.land/std@0.104.0/hash/_wasm/wasm.js": "792f612fbb9998e267f9ae3f82ed72444305cb9c77b5bbf7ff6517fd3b606ed1",
    "https://deno.land/std@0.104.0/hash/hasher.ts": "57a9ec05dd48a9eceed319ac53463d9873490feea3832d58679df6eec51c176b",
    "https://deno.land/std@0.104.0/hash/mod.ts": "dd339a26b094032f38d71311b85745e8d19f2085364794c1877057e057902dd9",
    "https://deno.land/std@0.104.0/io/buffer.ts": "3ead6bb11276ebcf093c403f74f67fd2205a515dbbb9061862c468ca56f37cd8",
    "https://deno.land/std@0.104.0/io/bufio.ts": "6024117aa37f8d21a116654bd5ca5191d803f6492bbc744e3cee5054d0e900d1",
    "https://deno.land/std@0.104.0/io/util.ts": "85c33d61b20fd706acc094fe80d4c8ae618b04abcf3a96ca2b47071842c1c8ac",
    "https://deno.land/std@0.104.0/log/handlers.ts": "8c7221a2408b4097e186b018f3f1a18865d20b98761aa1dccaf1ee3d57298355",
    "https://deno.land/std@0.104.0/log/levels.ts": "088a883039ece5fa0da5f74bc7688654045ea7cb01bf200b438191a28d728eae",
    "https://deno.land/std@0.104.0/log/logger.ts": "6b2dd8cbe6f407100b9becfe61595d7681f8ce3692412fad843de84d617a038e",
    "https://deno.land/std@0.104.0/log/mod.ts": "91711789b28803082b1bdfb123d2c9685a7e01767f2e79c0a82706063ad964d8",
    "https://deno.land/std@0.104.0/testing/_diff.ts": "5d3693155f561d1a5443ac751ac70aab9f5d67b4819a621d4b96b8a1a1c89620",
    "https://deno.land/std@0.104.0/testing/asserts.ts": "e4311d45d956459d4423bc267208fe154b5294989da2ed93257b6a85cae0427e",
    "https://deno.land/std@0.77.0/fmt/colors.ts": "c5665c66f1a67228f21c5989bbb04b36d369b98dd7ceac06f5e26856c81c2531",
    "https://deno.land/x/bytes_formater@v1.4.0/deps.ts": "4f98f74e21145423b873a5ca6ead66dc3e674fa81e230a0a395f9b86aafeceea",
    "https://deno.land/x/bytes_formater@v1.4.0/format.ts": "657c41b9f180c3ed0f934dcf75f77b09b6a610be98bb07525bffe2acfd5af4d5",
    "https://deno.land/x/bytes_formater@v1.4.0/mod.ts": "c6bf35303f53d74e9134eb13f666fb388fb4c62c6b12b17542bbadade250a864",
    "https://deno.land/x/discord_api_types@0.37.115/gateway/common.ts": "c568382f2e1a8bdf5c5d37b622c32ad5428b70ea9eb6abef40914ce4e4de56a0",
    "https://deno.land/x/discord_api_types@0.37.115/gateway/v10.ts": "7299f38b2f0207723da09cc9b9f81761285570b91afb5ed656a62a1406804f95",
    "https://deno.land/x/discord_api_types@0.37.115/globals.ts": "4d4c304942d2f9ccff34729d8c19538b32e3633648c0d5d1d7a3148fd27c133b",
    "https://deno.land/x/discord_api_types@0.37.115/payloads/common.ts": "45e70bb151e6a749981e69164784f7286bb635c6696a884069769026d35b7246",
    "https://deno.land/x/discord_api_types@0.37.115/payloads/v10/_interactions/_applicationCommands/_chatInput/attachment.ts": "c66dccd54c1b84d073f2e1caa466e551b8045a84a2e8a88a1bfbc7e2c64a703d",
    "https://deno.land/x/discord_api_types@0.37.115/payloads/v10/_interactions/_applicationCommands/_chatInput/base.ts": "f6a2556e14d489e1f0e5ddeb3a0303e2603e25330530dd9263e176013c5f51eb",
    "https://deno.land/x/discord_api_types@0.37.115/payloads/v10/_interactions/_applicationCommands/_chatInput/boolean.ts": "65e29561b61785ca4ede4b1b4a88c5fc0696cfdf1fa74d5197588c196ee7ae98",
    "https://deno.land/x/discord_api_types@0.37.115/payloads/v10/_interactions/_applicationCommands/_chatInput/channel.ts": "73c7fc49de242e1ce3be958375fd810750aed83553ef3860e3cddf858f9eb464",
    "https://deno.land/x/discord_api_types@0.37.115/payloads/v10/_interactions/_applicationCommands/_chatInput/integer.ts": "a25d24a3e54d647c7039b99e3208fc0fc2228d174f6dcc421e93919b8154a011",
    "https://deno.land/x/discord_api_types@0.37.115/payloads/v10/_interactions/_applicationCommands/_chatInput/mentionable.ts": "742e42857465866e0c08b587d7fb5ccd81d4705c61ce4cd6b97ad5692e88e969",
    "https://deno.land/x/discord_api_types@0.37.115/payloads/v10/_interactions/_applicationCommands/_chatInput/number.ts": "be974ea68f5fdf55d7a7f5d3faf48a3193777d432b1aa9087afc204bcb916284",
    "https://deno.land/x/discord_api_types@0.37.115/payloads/v10/_interactions/_applicationCommands/_chatInput/role.ts": "a57114d0f7eeee4ab7cf217a865dd9dbd9096d007c556aec6185d64257100f41",
    "https://deno.land/x/discord_api_types@0.37.115/payloads/v10/_interactions/_applicationCommands/_chatInput/shared.ts": "de4aee14f9cd21e8dbff6c523cb90be9f4273893347fef00930919a976f598b6",
    "https://deno.land/x/discord_api_types@0.37.115/payloads/v10/_interactions/_applicationCommands/_chatInput/string.ts": "33ab12dab64544a70729b9b66b5a9790964ea779f05d4ab1a1e190e7c1b59e98",
    "https://deno.land/x/discord_api_types@0.37.115/payloads/v10/_interactions/_applicationCommands/_chatInput/subcommand.ts": "0013737da6d2b54e2f413fbf31cf9c84ea51bd9204b615cb4fd19b420f856cb2",
    "https://deno.land/x/discord_api_types@0.37.115/payloads/v10/_interactions/_applicationCommands/_chatInput/subcommandGroup.ts": "db5cc701bcb3d68c094de409da39c9a2b8834dc0d5038e5f963c96e5eaf412ac",
    "https://deno.land/x/discord_api_types@0.37.115/payloads/v10/_interactions/_applicationCommands/_chatInput/user.ts": "ed2871693744298225ba53ddfb18d3e7afff20a34f413822d5b1193918aea27f",
    "https://deno.land/x/discord_api_types@0.37.115/payloads/v10/_interactions/_applicationCommands/chatInput.ts": "1f88245356202857d7a38d21af8ea1c96a65d7da5563734e5ea4af67ba51d1ae",
    "https://deno.land/x/discord_api_types@0.37.115/payloads/v10/_interactions/_applicationCommands/contextMenu.ts": "e40500fa8c61f624575a789516e12d6219ce5299fa88da657963c97772ac00df",
    "https://deno.land/x/discord_api_types@0.37.115/payloads/v10/_interactions/_applicationCommands/entryPoint.ts": "3647db4c410f8a06c46e6dd35d066a1bc2e7c820743af9a90bb64e6f67d3b332",
    "https://deno.land/x/discord_api_types@0.37.115/payloads/v10/_interactions/_applicationCommands/internals.ts": "5eb5ea13a1247c73c0611886dea09ab8d632a9c5555ff0f33d44cd379fd75a08",
    "https://deno.land/x/discord_api_types@0.37.115/payloads/v10/_interactions/_applicationCommands/permissions.ts": "5af8dd6bac57e87d1339ab5e1c7465aab5c4e4f4aeac7a4808ff2cc3d1a315fc",
    "https://deno.land/x/discord_api_types@0.37.115/payloads/v10/_interactions/applicationCommands.ts": "28f68375c4f555f89a7dfbfc739f1250a0c3715e693c5794be79b1cedc703bcf",
    "https://deno.land/x/discord_api_types@0.37.115/payloads/v10/_interactions/autocomplete.ts": "821ae50ff9845cac4b03169dbd4c4b187d8399765eb1f0d658d477c68e4c6136",
    "https://deno.land/x/discord_api_types@0.37.115/payloads/v10/_interactions/base.ts": "1e2bf7761b75cd54e8090fb5850f02619d6609a3033ec1d34ca49e4ca61b0209",
    "https://deno.land/x/discord_api_types@0.37.115/payloads/v10/_interactions/messageComponents.ts": "9248c572492a5ea11a05c4f8f58c99f94b41425794b1133d5dd389127197eabf",
    "https://deno.land/x/discord_api_types@0.37.115/payloads/v10/_interactions/modalSubmit.ts": "3a02d2d7df5bcdb1ffcd089f15e0d82ab65dcc0cefa904c6e0621f46edac041e",
    "https://deno.land/x/discord_api_types@0.37.115/payloads/v10/_interactions/ping.ts": "096ce582e9af373649fd5355cccd7424adceaffb73367b5301f1594ef5a3c264",
    "https://deno.land/x/discord_api_types@0.37.115/payloads/v10/_interactions/responses.ts": "bddbe6c151e1d034d6fa7ab0025dce00732f32c28c619a28a52a6505ae54ecf8",
    "https://deno.land/x/discord_api_types@0.37.115/payloads/v10/application.ts": "e9b46b39b6c20050622b96ffb449435d19bc44005fdc4d970c1690627c2b4ac1",
    "https://deno.land/x/discord_api_types@0.37.115/payloads/v10/auditLog.ts": "0771c21c0b459f08d2563ebfcbb4938663b2ab50b75ec29feeeb7164a74849ca",
    "https://deno.land/x/discord_api_types@0.37.115/payloads/v10/autoModeration.ts": "4a30b87b4642fad14fc5929a086bbbbba0083eade4b9a94519984e2302c3b8fc",
    "https://deno.land/x/discord_api_types@0.37.115/payloads/v10/channel.ts": "b3bce3f1ef0f52097f195a0611532a2e412da0f16ce42d8cd3f7c61f22e908fa",
    "https://deno.land/x/discord_api_types@0.37.115/payloads/v10/emoji.ts": "b9a30b16e1ec4dc15d6149e59aa48b02ad57a51335b7be5a7f5368db0491b3dd",
    "https://deno.land/x/discord_api_types@0.37.115/payloads/v10/gateway.ts": "7775e3bc504a3f54f37e202d42cc87ce39d3ef9cdaab39e642395ccad8583d6e",
    "https://deno.land/x/discord_api_types@0.37.115/payloads/v10/guild.ts": "5020904dc25f842bba36e818edbfcc3eafbf5c77ed435128a6359d1201020f15",
    "https://deno.land/x/discord_api_types@0.37.115/payloads/v10/guildScheduledEvent.ts": "7247141abe3d238b66d514d5be610ba5fc7f78456d0711f93f553d0f81c555ed",
    "https://deno.land/x/discord_api_types@0.37.115/payloads/v10/interactions.ts": "d2c31c147ec49663dc26c314eb2e764537dbf7f2f82eb1e659ae4dea9609ba41",
    "https://deno.land/x/discord_api_types@0.37.115/payloads/v10/invite.ts": "aa2ef8af8aa3087c7869e53c390ad53e072253611849bce923bb18ea42448b0e",
    "https://deno.land/x/discord_api_types@0.37.115/payloads/v10/mod.ts": "8914417c49360d264374fa1d14d7bad3cd768252c2cb59c6687e1c717b44142d",
    "https://deno.land/x/discord_api_types@0.37.115/payloads/v10/monetization.ts": "d89c24fa68c600ceb5cc6e6594839353f78b3386adfc579a66401873fac17e05",
    "https://deno.land/x/discord_api_types@0.37.115/payloads/v10/oauth2.ts": "dfb9f09fb44bf5faaa73ad4488ebe408905907d5fd46404895317f4e7c378489",
    "https://deno.land/x/discord_api_types@0.37.115/payloads/v10/permissions.ts": "5e7990e6dad3e35f8c130dc52de4bbf63afe5d6ad98e1c56b09da3ead94ad5a4",
    "https://deno.land/x/discord_api_types@0.37.115/payloads/v10/poll.ts": "0aa18bf0990b5b321f93e7f4eec69ee91c7494c1ed70810568587d86ad4065f3",
    "https://deno.land/x/discord_api_types@0.37.115/payloads/v10/soundboard.ts": "6f7b28f1277432579a1c607ab80b1efc027f6886f7806623d5fc47a7c34b72bb",
    "https://deno.land/x/discord_api_types@0.37.115/payloads/v10/stageInstance.ts": "0f7ebce1aba67578f178a7c2aba783b4ec0e639c99d0a353888d678a92685c5c",
    "https://deno.land/x/discord_api_types@0.37.115/payloads/v10/sticker.ts": "160186127d33f1eef0d0c999d3d7b2e6f687d6fafa8e7a5e5ce97929330c52ae",
    "https://deno.land/x/discord_api_types@0.37.115/payloads/v10/teams.ts": "101044d8c48a3cbabb60048eff9f69588bdd1ea84d1825de0372b4e23ad7ccbe",
    "https://deno.land/x/discord_api_types@0.37.115/payloads/v10/template.ts": "a9f8e61814b57100b7a0efd8b78814f936f1c542b7d6eac3f9cf2c3aeb7dc5c0",
    "https://deno.land/x/discord_api_types@0.37.115/payloads/v10/user.ts": "b92f6a6b4284261dd1ffaa9d569665282c04b07eb681882fe98b35e78d93192f",
    "https://deno.land/x/discord_api_types@0.37.115/payloads/v10/voice.ts": "ca01ca4ef2526f5e5c2edf5f5e093184685c2bf53fdfb5a75aec8cc21e951b64",
    "https://deno.land/x/discord_api_types@0.37.115/payloads/v10/webhook.ts": "f898cdbec10feb77fe1a27b5c0a68a37d43ad6ac2c8e6158cd69726273574be4",
    "https://deno.land/x/discord_api_types@0.37.115/rest/common.ts": "90590ee74c792f3944a44158a2e7a41bc1c1aacba7b10dc93e8d8ec09dec47b8",
    "https://deno.land/x/discord_api_types@0.37.115/rest/v10/application.ts": "c20d4766bea01eb6b584a52e577f5a1ba78498e2fd28edbad3b20298c8130774",
    "https://deno.land/x/discord_api_types@0.37.115/rest/v10/auditLog.ts": "39a0914b6c51445023d82c3e3e66c9866cbb3cb6774d3e7eac63414ea9bcbfec",
    "https://deno.land/x/discord_api_types@0.37.115/rest/v10/autoModeration.ts": "3d388fd9a91c34f04b5e3e1b6ffe12029fb48b511f37ff88042325ec6cbc6605",
    "https://deno.land/x/discord_api_types@0.37.115/rest/v10/channel.ts": "ab53166d329758c6b6a26c8da8a35d3260e5908e96a4c9dab59e7e7874047093",
    "https://deno.land/x/discord_api_types@0.37.115/rest/v10/emoji.ts": "ac31799306b2cbf5cabf6465198747c7f013d40a46ba7abef241cb798e85946f",
    "https://deno.land/x/discord_api_types@0.37.115/rest/v10/gateway.ts": "747cb95c9a8bca4e52423c780d5fc492fb0dab2b6015cd7e51e890e8d51acf29",
    "https://deno.land/x/discord_api_types@0.37.115/rest/v10/guild.ts": "939017b15ff83183228f7534dfeb510fafda9d0db25208b0adcfe8a8ffa13879",
    "https://deno.land/x/discord_api_types@0.37.115/rest/v10/guildScheduledEvent.ts": "fb990b4b59e8f0d0bdcc3aadcdd1c52bf8017ad3eda0134e5933f077e376b14d",
    "https://deno.land/x/discord_api_types@0.37.115/rest/v10/interactions.ts": "e6edb1cd79d0d826073146820464c0570434da4902f5ab37b9af778cf4f61818",
    "https://deno.land/x/discord_api_types@0.37.115/rest/v10/invite.ts": "28f8e740bdaa782c9d9d504049323762b5c1180348019dc5f9e0a900ec11213e",
    "https://deno.land/x/discord_api_types@0.37.115/rest/v10/mod.ts": "e7b66f9de47813289159ea502a831eba509432910b35f2eb73d99b58b56b5d65",
    "https://deno.land/x/discord_api_types@0.37.115/rest/v10/monetization.ts": "d2b3a63e105aa6f9c95ea8832140d952094f5046fd12935f8100ae0fc84b6da2",
    "https://deno.land/x/discord_api_types@0.37.115/rest/v10/oauth2.ts": "96ed3e17560c760e1808b7da89f1785fa27f74f3c333ce293595460ce27ec24d",
    "https://deno.land/x/discord_api_types@0.37.115/rest/v10/poll.ts": "fcd6bb6a6149495243bc416ef349b0c19d0ecb7303665884593c8278e3470ce2",
    "https://deno.land/x/discord_api_types@0.37.115/rest/v10/soundboard.ts": "b090030c64b56799323c53162f50c75d4cb655b06003fbb5f1db7772f4a4dec8",
    "https://deno.land/x/discord_api_types@0.37.115/rest/v10/stageInstance.ts": "a090ff8b54f77188323af5d06cdef9c42738edf9a9b0eba8aad3c89d5ac5569f",
    "https://deno.land/x/discord_api_types@0.37.115/rest/v10/sticker.ts": "2cea9c1afd1d7c6d8affa4dbedbcaecaff1ef9d4b2e4adcd0aac60233a16d132",
    "https://deno.land/x/discord_api_types@0.37.115/rest/v10/template.ts": "0ad41c3c85571d3c5b0bec3914c678a21f376ec162ef0d3f1f7731a8d1d1009c",
    "https://deno.land/x/discord_api_types@0.37.115/rest/v10/user.ts": "05dd9cfd3dd85eaca1bbad10b82dd9bc8d5a0b142233811f212e895c74c63b03",
    "https://deno.land/x/discord_api_types@0.37.115/rest/v10/voice.ts": "aa8ad3131abfe51a8fb8d5cce935191234e0d08873028101e297b4346b210b35",
    "https://deno.land/x/discord_api_types@0.37.115/rest/v10/webhook.ts": "ded5f6ad95087f91030f6c3dfbd71b746a934c933a5996ab663d4c1814d060e9",
    "https://deno.land/x/discord_api_types@0.37.115/rpc/common.ts": "a693352ffd86ae9e995fb3fbfbfd2be30896257ecb83c5611050f060b08de4ef",
    "https://deno.land/x/discord_api_types@0.37.115/rpc/v10.ts": "fbaad9f3d73fce88e76b0e52ad5345093f18077e4293937c9ec0ee24415b9a93",
    "https://deno.land/x/discord_api_types@0.37.115/utils/internals.ts": "876d2269c26453c7e1ed0ed0058a99c7594c1cf97a7b68cf7f1ffb5ba2134e77",
    "https://deno.land/x/discord_api_types@0.37.115/utils/v10.ts": "b208ecd61a165f2df27dab5e0c8246eba913e5e9cde80ff4f73035c79a35ca76",
    "https://deno.land/x/discord_api_types@0.37.115/v10.ts": "f3f23492c59e77859aba5b34431edf3668c37f722d7f70c2e1ef7ba4bcda3010",
    "https://deno.land/x/discord_api_types@0.38.2/gateway/common.ts": "e5cbb8e28a1bd82f360b2a7ad2dacc13454d374fc3fab6d4f9d2ba7bb941b373",
    "https://deno.land/x/discord_api_types@0.38.2/gateway/v10.ts": "90883ae711d98ab7c80e90014899b20255f22f3aa03d22fd6338e03548cb6f90",
    "https://deno.land/x/discord_api_types@0.38.2/globals.ts": "d699f06e0109ab42888fbc2107cd01aaa49dc116f044f099d05fa2e9bc0f53c5",
    "https://deno.land/x/discord_api_types@0.38.2/payloads/common.ts": "71d64c53866fffe09d80915fad60173ded6734a50ae2a48616960404a6e02743",
    "https://deno.land/x/discord_api_types@0.38.2/payloads/v10/_interactions/_applicationCommands/_chatInput/attachment.ts": "c66dccd54c1b84d073f2e1caa466e551b8045a84a2e8a88a1bfbc7e2c64a703d",
    "https://deno.land/x/discord_api_types@0.38.2/payloads/v10/_interactions/_applicationCommands/_chatInput/base.ts": "f6a2556e14d489e1f0e5ddeb3a0303e2603e25330530dd9263e176013c5f51eb",
    "https://deno.land/x/discord_api_types@0.38.2/payloads/v10/_interactions/_applicationCommands/_chatInput/boolean.ts": "65e29561b61785ca4ede4b1b4a88c5fc0696cfdf1fa74d5197588c196ee7ae98",
    "https://deno.land/x/discord_api_types@0.38.2/payloads/v10/_interactions/_applicationCommands/_chatInput/channel.ts": "73c7fc49de242e1ce3be958375fd810750aed83553ef3860e3cddf858f9eb464",
    "https://deno.land/x/discord_api_types@0.38.2/payloads/v10/_interactions/_applicationCommands/_chatInput/integer.ts": "6f7b0cc5b31da7e1b8c4e793a2070d5f7e2c5ed29d222aee6b235826c3a9cf5a",
    "https://deno.land/x/discord_api_types@0.38.2/payloads/v10/_interactions/_applicationCommands/_chatInput/mentionable.ts": "742e42857465866e0c08b587d7fb5ccd81d4705c61ce4cd6b97ad5692e88e969",
    "https://deno.land/x/discord_api_types@0.38.2/payloads/v10/_interactions/_applicationCommands/_chatInput/number.ts": "a531a09b284c435562ab37a783297f7b03ceacec2f7c617824eced5b8e1b543f",
    "https://deno.land/x/discord_api_types@0.38.2/payloads/v10/_interactions/_applicationCommands/_chatInput/role.ts": "a57114d0f7eeee4ab7cf217a865dd9dbd9096d007c556aec6185d64257100f41",
    "https://deno.land/x/discord_api_types@0.38.2/payloads/v10/_interactions/_applicationCommands/_chatInput/shared.ts": "b56e7afacb6768ac0df7d9fd4ba711a0748f00302fb1524a9d278f3a0df22a0a",
    "https://deno.land/x/discord_api_types@0.38.2/payloads/v10/_interactions/_applicationCommands/_chatInput/string.ts": "01287df0262585241d004f634a3c725087980d452304e62560fca7c8e71a9972",
    "https://deno.land/x/discord_api_types@0.38.2/payloads/v10/_interactions/_applicationCommands/_chatInput/subcommand.ts": "df867a5af4244642b8a889187a5b20023695ca4cc64129f728b52d4456d18629",
    "https://deno.land/x/discord_api_types@0.38.2/payloads/v10/_interactions/_applicationCommands/_chatInput/subcommandGroup.ts": "7429baaf3a78ebe98b2d1bc545534ed317709574c04eed0494d9403ca7a55d74",
    "https://deno.land/x/discord_api_types@0.38.2/payloads/v10/_interactions/_applicationCommands/_chatInput/user.ts": "ed2871693744298225ba53ddfb18d3e7afff20a34f413822d5b1193918aea27f",
    "https://deno.land/x/discord_api_types@0.38.2/payloads/v10/_interactions/_applicationCommands/chatInput.ts": "f40c5180af864028d8030d98624199da8db1bb7c254279f2a519228c78fd6799",
    "https://deno.land/x/discord_api_types@0.38.2/payloads/v10/_interactions/_applicationCommands/contextMenu.ts": "963be2acad09fde83b3aa0349dae7dca3e822b49d8648a51ec7ffd6daef50436",
    "https://deno.land/x/discord_api_types@0.38.2/payloads/v10/_interactions/_applicationCommands/entryPoint.ts": "f2914a045f99ae54670b2af8172dbc71e6a276caddf1c6d4c476b0d7a44fb9bb",
    "https://deno.land/x/discord_api_types@0.38.2/payloads/v10/_interactions/_applicationCommands/internals.ts": "5eb5ea13a1247c73c0611886dea09ab8d632a9c5555ff0f33d44cd379fd75a08",
    "https://deno.land/x/discord_api_types@0.38.2/payloads/v10/_interactions/_applicationCommands/permissions.ts": "38bf9fb58e09166b28420cba1b717fa13bd1809ecd34037b28fa08b3c53b1b03",
    "https://deno.land/x/discord_api_types@0.38.2/payloads/v10/_interactions/applicationCommands.ts": "24bbfb513f172ebaedbe33890c071feabc23708396fcefb1a6d8f9a8ca832f86",
    "https://deno.land/x/discord_api_types@0.38.2/payloads/v10/_interactions/autocomplete.ts": "e75db1a3d67608358d745545b388497e8478466a360b7a03cdf664e1c7a7dc47",
    "https://deno.land/x/discord_api_types@0.38.2/payloads/v10/_interactions/base.ts": "09ed7ed4d1111d0dee1d03322cd804f0c952d962b2d857e28df23d979cbec6d5",
    "https://deno.land/x/discord_api_types@0.38.2/payloads/v10/_interactions/messageComponents.ts": "9248c572492a5ea11a05c4f8f58c99f94b41425794b1133d5dd389127197eabf",
    "https://deno.land/x/discord_api_types@0.38.2/payloads/v10/_interactions/modalSubmit.ts": "15f0085a4fe0ffa79c9566e0726e58795d23268e3f86661b3d415aac7f9533c0",
    "https://deno.land/x/discord_api_types@0.38.2/payloads/v10/_interactions/ping.ts": "096ce582e9af373649fd5355cccd7424adceaffb73367b5301f1594ef5a3c264",
    "https://deno.land/x/discord_api_types@0.38.2/payloads/v10/_interactions/responses.ts": "8b8a71789751a5d2733aef184e52e8774accfae0e153af1261e5d7643f03246c",
    "https://deno.land/x/discord_api_types@0.38.2/payloads/v10/application.ts": "ea391aa5a52790bbf5ddc8f1e7f09f0e01a67bad33cd53102a6695e6d59930ee",
    "https://deno.land/x/discord_api_types@0.38.2/payloads/v10/auditLog.ts": "502f91314a97909e2aed1a98d94429d42127c0b466e091d7f01fe2a820e7bcc5",
    "https://deno.land/x/discord_api_types@0.38.2/payloads/v10/autoModeration.ts": "a953a2d8d99a2f37e130171b034935e8ebf1c16c8afed3091ba34b849e70c1b1",
    "https://deno.land/x/discord_api_types@0.38.2/payloads/v10/channel.ts": "8701772214b5cd65da22c2bec420e1f3c59ead6318c81a1add3149aa55afd4aa",
    "https://deno.land/x/discord_api_types@0.38.2/payloads/v10/emoji.ts": "d8a1d1eb2b9c451bc54b72e98973c3f06d0becd37c8041ef0f0aac4f9f493c77",
    "https://deno.land/x/discord_api_types@0.38.2/payloads/v10/gateway.ts": "d31ed7ae8f9390643d1b290b4f1c944ca4e346ab54a3f9e37d43a2eb8d3db4d5",
    "https://deno.land/x/discord_api_types@0.38.2/payloads/v10/guild.ts": "1d0236374c1f542162d8aeec5e5cdd835da98a0a6c5d772c39101095acc46b35",
    "https://deno.land/x/discord_api_types@0.38.2/payloads/v10/guildScheduledEvent.ts": "51b42f7dd43656b55dc5547f7e06a67021d7bf2607f84842c305d0bbe71f7641",
    "https://deno.land/x/discord_api_types@0.38.2/payloads/v10/interactions.ts": "1d06a1285c8965f41c774a89a15161fb6e2ef85f6356ef7c6974527c37b931e2",
    "https://deno.land/x/discord_api_types@0.38.2/payloads/v10/invite.ts": "63d2f7e83e87bf621a094d3c287416b79564c64192b913c7e764ed78bbafb88a",
    "https://deno.land/x/discord_api_types@0.38.2/payloads/v10/mod.ts": "8914417c49360d264374fa1d14d7bad3cd768252c2cb59c6687e1c717b44142d",
    "https://deno.land/x/discord_api_types@0.38.2/payloads/v10/monetization.ts": "12545558c80008d7d81c9856f6d24b588d72f7352c65984b8a2e445a64a90941",
    "https://deno.land/x/discord_api_types@0.38.2/payloads/v10/oauth2.ts": "af9a1b1c0f0ae6646dc7214ee831d0ece13780b51be1018a324e0b1cc03f4439",
    "https://deno.land/x/discord_api_types@0.38.2/payloads/v10/permissions.ts": "3e4b181e5dc152383edf8e9e5d19b2e6778af24d276d27eb77fca6631ae9b6a9",
    "https://deno.land/x/discord_api_types@0.38.2/payloads/v10/poll.ts": "8dac81675a9ac8748e891153e6e692ff8a21798d048162838a2dae27788352b5",
    "https://deno.land/x/discord_api_types@0.38.2/payloads/v10/soundboard.ts": "3420afe39eb6acdcc22cf56019d0504997ca55f869484ae0880bff8652a5790c",
    "https://deno.land/x/discord_api_types@0.38.2/payloads/v10/stageInstance.ts": "5c767113d982930715885bf963afe92ee4f52c20ec0f798977114c67263e7d08",
    "https://deno.land/x/discord_api_types@0.38.2/payloads/v10/sticker.ts": "6ed3cced3d03c41e68c8f008aed5b03e21e6b0ad1e685e147e06260a98b7b6ed",
    "https://deno.land/x/discord_api_types@0.38.2/payloads/v10/teams.ts": "e5198be6f84bb11c5b188092cfa6da797b0052531b3dc05c6c1b87fa1cab4bb5",
    "https://deno.land/x/discord_api_types@0.38.2/payloads/v10/template.ts": "4a06324aa8bbe5fee4dc07fd3fba1aab091debd3e6a363e5526ff73c4fdab615",
    "https://deno.land/x/discord_api_types@0.38.2/payloads/v10/user.ts": "52a7fa3a13f01286798bf16cedbc228e68971549baacc61ca9243e8e231216c6",
    "https://deno.land/x/discord_api_types@0.38.2/payloads/v10/voice.ts": "d7a0cb57093bca6e367a4f9feb8535828040e26bf485920d9e0e8ad00ba5dd4d",
    "https://deno.land/x/discord_api_types@0.38.2/payloads/v10/webhook.ts": "8fe407386fd7fccbaf97d202f1d3aad510391b9a5f4905478314b6ada0a480ea",
    "https://deno.land/x/discord_api_types@0.38.2/rest/common.ts": "f2ea77fc76f8ef200a7429a72349042f8f984771841fcfe7ca619a9fd0384d42",
    "https://deno.land/x/discord_api_types@0.38.2/rest/v10/application.ts": "731bb36f65ffcf8cc2e315e6f7818c5edee30173f5219ed821b9ec5c33e81169",
    "https://deno.land/x/discord_api_types@0.38.2/rest/v10/auditLog.ts": "ed584216247de6d87cb2c77e344644562436c981d11d7d9df657fb091ea519dc",
    "https://deno.land/x/discord_api_types@0.38.2/rest/v10/autoModeration.ts": "008fe473f35edf164928f2e7f5283c9af5f67cfdd36c3f496a6e963f9cf149d4",
    "https://deno.land/x/discord_api_types@0.38.2/rest/v10/channel.ts": "691a4e8a1c35225bc478b68aab5d8476171ecdc586b7c335bf19bd0c781b1da6",
    "https://deno.land/x/discord_api_types@0.38.2/rest/v10/emoji.ts": "6370e0b720998fb6b7a8427a3f8705182c426a31f407df41b0b805699e22f8fd",
    "https://deno.land/x/discord_api_types@0.38.2/rest/v10/gateway.ts": "6caa9e8a0092994788ac095a8a2ab1874fd83b1d25c14a24a6835ffc3ba7d207",
    "https://deno.land/x/discord_api_types@0.38.2/rest/v10/guild.ts": "7039f5a6817f0a4639fdf87501cf6af873dcb0bddf30a5dc6aa8426f7ef9cb2c",
    "https://deno.land/x/discord_api_types@0.38.2/rest/v10/guildScheduledEvent.ts": "fd3f5839931eccab96e11b0261a7d34330c739466c108e45f73db18a486a4069",
    "https://deno.land/x/discord_api_types@0.38.2/rest/v10/interactions.ts": "0b005414b88f3b9ac83c776da917023f9b3e770ed87c0e0628e262d5178c29ee",
    "https://deno.land/x/discord_api_types@0.38.2/rest/v10/invite.ts": "78eddd7afc57299cdf947378d546a1dcb8d83fe83b245c0642fb420cef28e077",
    "https://deno.land/x/discord_api_types@0.38.2/rest/v10/mod.ts": "c62bd9fbebe4757fc32a9704efabdfa19f80522b333391d1fc4bb8248e5c511b",
    "https://deno.land/x/discord_api_types@0.38.2/rest/v10/monetization.ts": "9eefdea7463a848597532091fa2393608fe606a0fecf2eb3222463cf8c73be32",
    "https://deno.land/x/discord_api_types@0.38.2/rest/v10/oauth2.ts": "b2fe7079ee191f6fb265841893a47f5d69a12d310858c9c13195b88776ecb6a8",
    "https://deno.land/x/discord_api_types@0.38.2/rest/v10/poll.ts": "18e43e4d4940623557b6a334d8312fb45c9c11a8cf8ecd4f915f817a6eabdbd3",
    "https://deno.land/x/discord_api_types@0.38.2/rest/v10/soundboard.ts": "bc1fe6fb28292e8fd63342ddf150d7e3541f28af5fc6c630369c8da6a4f0228b",
    "https://deno.land/x/discord_api_types@0.38.2/rest/v10/stageInstance.ts": "47861e43c6f1117c9e94b33df31e6c1a6aaf6ada86a750da42ac6062e146bf34",
    "https://deno.land/x/discord_api_types@0.38.2/rest/v10/sticker.ts": "b34d6c038321ae36f0fa56bdebafdf51e371670493d083677274546203661994",
    "https://deno.land/x/discord_api_types@0.38.2/rest/v10/template.ts": "d4afda5c64e850f42993022309624d0092a2ed107f4c5bfde94f2890d7ce5534",
    "https://deno.land/x/discord_api_types@0.38.2/rest/v10/user.ts": "c83b71694f09edd8b3f0cdd45b680b532be8b79b8ebf9c519ae3cd7e653765fb",
    "https://deno.land/x/discord_api_types@0.38.2/rest/v10/voice.ts": "8a49aa436e7e10ded3e733dea402ba12e965cfa71a204eec944d2d985e19312a",
    "https://deno.land/x/discord_api_types@0.38.2/rest/v10/webhook.ts": "3cd5e65ebf9e42a7180c9708b36d8175af4e8b93c9f9e80da22edce0da1e04a2",
    "https://deno.land/x/discord_api_types@0.38.2/rpc/common.ts": "4154b4c4e4ae421a4c78822ca1e8632153a78126fdc89ffd668e0d24f313462b",
    "https://deno.land/x/discord_api_types@0.38.2/rpc/v10.ts": "8c15aed3248cc86b87a61f42bee23d564eddfcb1651f3f53e739a3af657b5e76",
    "https://deno.land/x/discord_api_types@0.38.2/utils/internals.ts": "2349a63cabdf0b4829f62a25d3ab76486969979909466974fb9d68f32074f3f1",
    "https://deno.land/x/discord_api_types@0.38.2/utils/v10.ts": "3296db92c0fee1676522c2a2e0b73335c41b3236ba3975296e03a27000fe6b58",
    "https://deno.land/x/discord_api_types@0.38.2/v10.ts": "f08e6572cc626b7713e9b46f87568dcbc64477f3b487afff2864688a9ef31c4a",
    "https://deno.land/x/mysql@v2.12.1/deps.ts": "68635959a41bb08bc87db007679fb8449febc55d48202dff20b93cc23ef5820d",
    "https://deno.land/x/mysql@v2.12.1/mod.ts": "3246c9c259434563be69cc95d5b792f8aac7ef5d10b8a6c6589aa54ebf1bd266",
    "https://deno.land/x/mysql@v2.12.1/src/auth.ts": "129ea08b180d3e90e567c3f71e60432bb266304c224e17ea39d604bbcc1160d8",
    "https://deno.land/x/mysql@v2.12.1/src/auth_plugin/caching_sha2_password.ts": "aab89e272382e6f408406f860ae6e79628275f4511e27a565049033543c4bdec",
    "https://deno.land/x/mysql@v2.12.1/src/auth_plugin/crypt.ts": "8798819cce1171d95cfee8edda15fe6a652068cad4dc91f81b6e91cf90a13617",
    "https://deno.land/x/mysql@v2.12.1/src/auth_plugin/index.ts": "8617e520ad854e38470aeefd07becdb3397c4cde16c2397dd48d5c10fdd5ab09",
    "https://deno.land/x/mysql@v2.12.1/src/buffer.ts": "59f7e08e196f1b7e58cf5c3cf8ae8f4d0d47d1ae31430076fc468d974d3b59e7",
    "https://deno.land/x/mysql@v2.12.1/src/client.ts": "30912964986667a2ce108c14f7153dd38e8089e55f8068e8d07697f75f2ac22f",
    "https://deno.land/x/mysql@v2.12.1/src/connection.ts": "1d104c05441f8c94ee73123497fbbae28499f3badb0d9fef8cc82540688ada6e",
    "https://deno.land/x/mysql@v2.12.1/src/constant/capabilities.ts": "2324c0e46ac43f59b7b03bdd878d7a14ecc5202b9e133c7e8769345a8290f2a1",
    "https://deno.land/x/mysql@v2.12.1/src/constant/charset.ts": "253d7233679c774df623d1f974ebb358f3678c18fd6a623e25983311d97d959b",
    "https://deno.land/x/mysql@v2.12.1/src/constant/errors.ts": "923bab27d524e43199fa21fdfcbe025580ca76d8b32254ad9505765c502f238a",
    "https://deno.land/x/mysql@v2.12.1/src/constant/mysql_types.ts": "79c50de8eb5919b897e81e2ff2366ee1ffdbb4297f711e15003bdb787bbc8e6c",
    "https://deno.land/x/mysql@v2.12.1/src/constant/packet.ts": "a1e7e00ce30c551c5f95c05d233b8d83f8e1fc865de97be3b317058e173630a9",
    "https://deno.land/x/mysql@v2.12.1/src/deferred.ts": "35d087619d919961e849e382c33b2bfea15b4119f55eca2d9c9047f30512a2cb",
    "https://deno.land/x/mysql@v2.12.1/src/logger.ts": "eb5feb3efdb9fd4887f6eccd5c06b5702591ac032af9857a12bbae86ceefe21b",
    "https://deno.land/x/mysql@v2.12.1/src/packets/builders/auth.ts": "0b53dd5fa0269427aa54c3f6909bd830ffb426009061df89df262c504d6c9b70",
    "https://deno.land/x/mysql@v2.12.1/src/packets/builders/client_capabilities.ts": "1000f2c1a20e0e119b9a416eb4ea4553cc1c5655d289a66e9077bf7a5993d52d",
    "https://deno.land/x/mysql@v2.12.1/src/packets/builders/query.ts": "caf426a72ebe545ff5bab14c8b7b5e412dd8827c091322959cdf4e9aa89ef900",
    "https://deno.land/x/mysql@v2.12.1/src/packets/builders/tls.ts": "2abb4a2fa74c47914372b221cb6f178f6015df54421daf0e10e54d80d7156498",
    "https://deno.land/x/mysql@v2.12.1/src/packets/packet.ts": "d7800cc142226f7dfd3c5f647f03cd3ef308f9d8551b4edb2e1bfb9c758d33b6",
    "https://deno.land/x/mysql@v2.12.1/src/packets/parsers/authswitch.ts": "aa34f21336c4907b3ae968108fcdad8f1c43a303088efd83d972e6c7b258c166",
    "https://deno.land/x/mysql@v2.12.1/src/packets/parsers/err.ts": "4110c4ddc2ae8358d6661fa2522f8eda2e603900d1e433e3684765ed50e88ed8",
    "https://deno.land/x/mysql@v2.12.1/src/packets/parsers/handshake.ts": "88f7ee34e9e0ef089bc5fdefacaccf256ef002b2f7a8ad684e35327682039e73",
    "https://deno.land/x/mysql@v2.12.1/src/packets/parsers/result.ts": "8ab16f1adae67415eefcc17803b0eb828c1f4c6a24c55f25949f418e862d3ec8",
    "https://deno.land/x/mysql@v2.12.1/src/pool.ts": "978ba2813b3886d68be007678360ad43c54dab14b1aea1c07fcdb41222fcc432",
    "https://deno.land/x/mysql@v2.12.1/src/util.ts": "83d38e87cc3901da00ac44bfcd53c0e8d24525262f5c7647c912dccf3ed2dbb5",
    "https://deno.land/x/sql_builder@v1.9.1/util.ts": "b9855dc435972704cf82655019f4ec168ac83550ab4db596c5f6b6d201466384",
    "https://deno.land/x/zod@v3.24.1/ZodError.ts": "27b41119736fcdc69cc72e63838bed1e9e1210c7ce721211f02256e06b443b55",
    "https://deno.land/x/zod@v3.24.1/errors.ts": "5285922d2be9700cc0c70c95e4858952b07ae193aa0224be3cbd5cd5567eabef",
    "https://deno.land/x/zod@v3.24.1/external.ts": "a6cfbd61e9e097d5f42f8a7ed6f92f93f51ff927d29c9fbaec04f03cbce130fe",
    "https://deno.land/x/zod@v3.24.1/helpers/enumUtil.ts": "54efc393cc9860e687d8b81ff52e980def00fa67377ad0bf8b3104f8a5bf698c",
    "https://deno.land/x/zod@v3.24.1/helpers/errorUtil.ts": "7a77328240be7b847af6de9189963bd9f79cab32bbc61502a9db4fe6683e2ea7",
    "https://deno.land/x/zod@v3.24.1/helpers/parseUtil.ts": "c14814d167cc286972b6e094df88d7d982572a08424b7cd50f862036b6fcaa77",
    "https://deno.land/x/zod@v3.24.1/helpers/partialUtil.ts": "998c2fe79795257d4d1cf10361e74492f3b7d852f61057c7c08ac0a46488b7e7",
    "https://deno.land/x/zod@v3.24.1/helpers/typeAliases.ts": "0fda31a063c6736fc3cf9090dd94865c811dfff4f3cb8707b932bf937c6f2c3e",
    "https://deno.land/x/zod@v3.24.1/helpers/util.ts": "30c273131661ca5dc973f2cfb196fa23caf3a43e224cdde7a683b72e101a31fc",
    "https://deno.land/x/zod@v3.24.1/index.ts": "d27aabd973613985574bc31f39e45cb5d856aa122ef094a9f38a463b8ef1a268",
    "https://deno.land/x/zod@v3.24.1/locales/en.ts": "a7a25cd23563ccb5e0eed214d9b31846305ddbcdb9c5c8f508b108943366ab4c",
    "https://deno.land/x/zod@v3.24.1/mod.ts": "ec6e2b1255c1a350b80188f97bd0a6bac45801bb46fc48f50b9763aa66046039",
    "https://deno.land/x/zod@v3.24.1/standard-schema.ts": "4abb2e7bd784fb95d219584673971bb317e74fb4fd0c74c196b558ba46df4456",
    "https://deno.land/x/zod@v3.24.1/types.ts": "ed67267a459b6e0d3ceb904072d222c58eda6a6f03f85cae3fba8d1188ce809e"
  }
}
